
Microsoft Visual Studio Solution File, Format Version 12.00
# Visual Studio 15
VisualStudioVersion = 15.0.27004.2005
MinimumVisualStudioVersion = 10.0.40219.1
Project("{E24C65DC-7377-472B-9ABA-BC803B73C61A}") = "MSB HTML-Odev", ".", "{3BBA4A79-C3CA-40BC-9ABB-BB927AC5B475}"
	ProjectSection(WebsiteProperties) = preProject
		TargetFrameworkMoniker = ".NETFramework,Version%3Dv4.0"
		Debug.AspNetCompiler.VirtualPath = "/localhost_49914"
		Debug.AspNetCompiler.PhysicalPath = "..\MSB HTML-Odev\"
		Debug.AspNetCompiler.TargetPath = "PrecompiledWeb\localhost_49914\"
		Debug.AspNetCompiler.Updateable = "true"
		Debug.AspNetCompiler.ForceOverwrite = "true"
		Debug.AspNetCompiler.FixedNames = "false"
		Debug.AspNetCompiler.Debug = "True"
		Release.AspNetCompiler.VirtualPath = "/localhost_49914"
		Release.AspNetCompiler.PhysicalPath = "..\MSB HTML-Odev\"
		Release.AspNetCompiler.TargetPath = "PrecompiledWeb\localhost_49914\"
		Release.AspNetCompiler.Updateable = "true"
		Release.AspNetCompiler.ForceOverwrite = "true"
		Release.AspNetCompiler.FixedNames = "false"
		Release.AspNetCompiler.Debug = "False"
		VWDPort = "49914"
		SlnRelativePath = "..\MSB HTML-Odev\"
	EndProjectSection
EndProject
Global
	GlobalSection(SolutionConfigurationPlatforms) = preSolution
		Debug|Any CPU = Debug|Any CPU
	EndGlobalSection
	GlobalSection(ProjectConfigurationPlatforms) = postSolution
		{3BBA4A79-C3CA-40BC-9ABB-BB927AC5B475}.Debug|Any CPU.ActiveCfg = Debug|Any CPU
		{3BBA4A79-C3CA-40BC-9ABB-BB927AC5B475}.Debug|Any CPU.Build.0 = Debug|Any CPU
	EndGlobalSection
	GlobalSection(SolutionProperties) = preSolution
		HideSolutionNode = FALSE
	EndGlobalSection
	GlobalSection(ExtensibilityGlobals) = postSolution
		SolutionGuid = {A36BA84A-1A5A-46D2-A830-60BF4E4D1B59}
	EndGlobalSection
EndGlobal
